Microsoft Visual Studio Solution File, Format Version 11.00
# Visual Studio 2008

Project("{13B20366-3641-15ED-04A3-EB9B4B5A847C}") = "caaporaonline", "Assembly-CSharp.csproj", "{289C77B5-913E-3B29-1DBD-9E96C6839FCD}"
EndProject
Project("{13B20366-3641-15ED-04A3-EB9B4B5A847C}") = "caaporaonline", "Assembly-CSharp-Editor.csproj", "{1E442F7E-125A-76B0-8C60-B3F1AF12FB19}"
EndProject
Project("{13B20366-3641-15ED-04A3-EB9B4B5A847C}") = "caaporaonline", "Assembly-UnityScript.unityproj", "{407BCDFC-EF03-0BDB-D683-9F53181E04A3}"
EndProject
Global
	GlobalSection(SolutionConfigurationPlatforms) = preSolution
		Debug|Any CPU = Debug|Any CPU
		Release|Any CPU = Release|Any CPU
	EndGlobalSection
	GlobalSection(ProjectConfigurationPlatforms) = postSolution
		{289C77B5-913E-3B29-1DBD-9E96C6839FCD}.Debug|Any CPU.ActiveCfg = Debug|Any CPU
		{289C77B5-913E-3B29-1DBD-9E96C6839FCD}.Debug|Any CPU.Build.0 = Debug|Any CPU
		{289C77B5-913E-3B29-1DBD-9E96C6839FCD}.Release|Any CPU.ActiveCfg = Release|Any CPU
		{289C77B5-913E-3B29-1DBD-9E96C6839FCD}.Release|Any CPU.Build.0 = Release|Any CPU
		{1E442F7E-125A-76B0-8C60-B3F1AF12FB19}.Debug|Any CPU.ActiveCfg = Debug|Any CPU
		{1E442F7E-125A-76B0-8C60-B3F1AF12FB19}.Debug|Any CPU.Build.0 = Debug|Any CPU
		{1E442F7E-125A-76B0-8C60-B3F1AF12FB19}.Release|Any CPU.ActiveCfg = Release|Any CPU
		{1E442F7E-125A-76B0-8C60-B3F1AF12FB19}.Release|Any CPU.Build.0 = Release|Any CPU
		{407BCDFC-EF03-0BDB-D683-9F53181E04A3}.Debug|Any CPU.ActiveCfg = Debug|Any CPU
		{407BCDFC-EF03-0BDB-D683-9F53181E04A3}.Debug|Any CPU.Build.0 = Debug|Any CPU
		{407BCDFC-EF03-0BDB-D683-9F53181E04A3}.Release|Any CPU.ActiveCfg = Release|Any CPU
		{407BCDFC-EF03-0BDB-D683-9F53181E04A3}.Release|Any CPU.Build.0 = Release|Any CPU
	EndGlobalSection
	GlobalSection(SolutionProperties) = preSolution
		HideSolutionNode = FALSE
	EndGlobalSection
																																		GlobalSection(MonoDevelopProperties) = preSolution
		StartupItem = Assembly-CSharp.csproj
		Policies = $0
		$0.TextStylePolicy = $1
		$1.inheritsSet = null
		$1.scope = text/x-csharp
		$0.CSharpFormattingPolicy = $2
		$2.inheritsSet = Mono
		$2.inheritsScope = text/x-csharp
		$2.scope = text/x-csharp
		$0.TextStylePolicy = $3
		$3.FileWidth = 120
		$3.TabWidth = 4
		$3.IndentWidth = 4
		$3.EolMarker = Unix
		$3.inheritsSet = Mono
		$3.inheritsScope = text/plain
		$3.scope = text/plain
	EndGlobalSection

EndGlobal
